dependencies:
- name: loki
  repository: https://grafana.github.io/helm-charts
  version: 6.21.0
- name: tempo
  repository: https://grafana.github.io/helm-charts
  version: 1.18.1
- name: grafana
  repository: https://grafana.github.io/helm-charts
  version: 8.8.4
- name: opentelemetry-collector
  repository: https://open-telemetry.github.io/opentelemetry-helm-charts
  version: 0.127.4
digest: sha256:ff803d6a91f168b72413a6bd2006d2410e9708cf9f496d5c227b1785db4127bc
generated: "2026-06-24T14:41:08.02035184+04:00"
